{
  "version": "4",
  "specifiers": {
    "jsr:@std/assert@0.224": "0.224.0",
    "jsr:@std/assert@^1.0.12": "1.0.12",
    "jsr:@std/bytes@^1.0.5": "1.0.5",
    "jsr:@std/expect@*": "1.0.15",
    "jsr:@std/flags@0.224": "0.224.0",
    "jsr:@std/internal@^1.0.6": "1.0.6",
    "jsr:@std/io@~0.225.2": "0.225.2",
    "jsr:@std/testing@*": "1.0.11"
  },
  "jsr": {
    "@std/assert@0.224.0": {
      "integrity": "8643233ec7aec38a940a8264a6e3eed9bfa44e7a71cc6b3c8874213ff401967f"
    },
    "@std/assert@1.0.12": {
      "integrity": "08009f0926dda9cbd8bef3a35d3b6a4b964b0ab5c3e140a4e0351fbf34af5b9a",
      "dependencies": [
        "jsr:@std/internal"
      ]
    },
    "@std/bytes@1.0.5": {
      "integrity": "4465dd739d7963d964c809202ebea6d5c6b8e3829ef25c6a224290fbb8a1021e"
    },
    "@std/expect@1.0.15": {
      "integrity": "eca360007b5a7f13dbfa1294224baee7fb98dcd460d8461fe64eeae302902945",
      "dependencies": [
        "jsr:@std/assert@^1.0.12",
        "jsr:@std/internal"
      ]
    },
    "@std/flags@0.224.0": {
      "integrity": "d40eaf58c356b2e1313c6d4e62dc28b614aad2ddae6f5ff72a969e0b1f5ad689",
      "dependencies": [
        "jsr:@std/assert@0.224"
      ]
    },
    "@std/internal@1.0.6": {
      "integrity": "9533b128f230f73bd209408bb07a4b12f8d4255ab2a4d22a1fd6d87304aca9a4"
    },
    "@std/io@0.225.2": {
      "integrity": "3c740cd4ee4c082e6cfc86458f47e2ab7cb353dc6234d5e9b1f91a2de5f4d6c7",
      "dependencies": [
        "jsr:@std/bytes"
      ]
    },
    "@std/testing@1.0.11": {
      "integrity": "12b3db12d34f0f385a26248933bde766c0f8c5ad8b6ab34d4d38f528ab852f48",
      "dependencies": [
        "jsr:@std/assert@^1.0.12",
        "jsr:@std/internal"
      ]
    }
  },
  "workspace": {
    "dependencies": [
      "jsr:@std/flags@0.224",
      "jsr:@std/io@~0.225.2"
    ]
  }
}
